<?xml version="1.0" encoding="utf-8"?>
<Project ToolsVersion="4.0" xmlns="http://schemas.microsoft.com/developer/msbuild/2003">
  <ItemGroup>
    <Filter Include="Source Files">
      <UniqueIdentifier>{8ffa3d08-89df-405f-9da5-b00bcbc34bd4}</UniqueIdentifier>
      <Extensions>cpp;c;cxx;rc;def;r;odl;idl;hpj;bat</Extensions>
    </Filter>
    <Filter Include="Header Files">
      <UniqueIdentifier>{b8899958-7928-4bdf-9963-01a11275a4c3}</UniqueIdentifier>
      <Extensions>h;hpp;hxx;hm;inl</Extensions>
    </Filter>
    <Filter Include="Resource Files">
      <UniqueIdentifier>{f8d4193e-1e35-45c6-b80b-03f0a8b620e7}</UniqueIdentifier>
      <Extensions>ico;cur;bmp;dlg;rc2;rct;bin;rgs;gif;jpg;jpeg;jpe</Extensions>
    </Filter>
  </ItemGroup>
  <ItemGroup>
    <ClCompile Include="answermachine.cpp">
      <Filter>Source Files</Filter>
    </ClCompile>
    <ClCompile Include="CallProcessor.cpp">
      <Filter>Source Files</Filter>
    </ClCompile>
    <ClCompile Include="Configuration.cpp">
      <Filter>Source Files</Filter>
    </ClCompile>
    <ClCompile Include="CriticalSection.cpp">
      <Filter>Source Files</Filter>
    </ClCompile>
    <ClCompile Include="DatabaseSupport2.cpp">
      <Filter>Source Files</Filter>
    </ClCompile>
    <ClCompile Include="HelloCard.cpp">
      <Filter>Source Files</Filter>
    </ClCompile>
    <ClCompile Include="Line.cpp">
      <Filter>Source Files</Filter>
    </ClCompile>
    <ClCompile Include="LineConnector.cpp">
      <Filter>Source Files</Filter>
    </ClCompile>
    <ClCompile Include="LineHandler.cpp">
      <Filter>Source Files</Filter>
    </ClCompile>
    <ClCompile Include="ObservableMixin.cpp">
      <Filter>Source Files</Filter>
    </ClCompile>
    <ClCompile Include="PhoneLine.cpp">
      <Filter>Source Files</Filter>
    </ClCompile>
    <ClCompile Include="SS7Line.cpp">
      <Filter>Source Files</Filter>
    </ClCompile>
    <ClCompile Include="StdAfx.cpp">
      <Filter>Source Files</Filter>
    </ClCompile>
    <ClCompile Include="timer.cpp">
      <Filter>Source Files</Filter>
    </ClCompile>
    <ClCompile Include="Tone.cpp">
      <Filter>Source Files</Filter>
    </ClCompile>
    <ClCompile Include="TritelCallConnector.cpp">
      <Filter>Source Files</Filter>
    </ClCompile>
    <ClCompile Include="tritelivr.cpp">
      <Filter>Source Files</Filter>
    </ClCompile>
    <ClCompile Include="TritelLineManager.cpp">
      <Filter>Source Files</Filter>
    </ClCompile>
  </ItemGroup>
  <ItemGroup>
    <ResourceCompile Include="HelloCard.rc">
      <Filter>Source Files</Filter>
    </ResourceCompile>
  </ItemGroup>
  <ItemGroup>
    <ClInclude Include="answermachine.h">
      <Filter>Header Files</Filter>
    </ClInclude>
    <ClInclude Include="CallProcessor.h">
      <Filter>Header Files</Filter>
    </ClInclude>
    <ClInclude Include="Configuration.h">
      <Filter>Header Files</Filter>
    </ClInclude>
    <ClInclude Include="criticalsection.h">
      <Filter>Header Files</Filter>
    </ClInclude>
    <ClInclude Include="DatabaseSupport.h">
      <Filter>Header Files</Filter>
    </ClInclude>
    <ClInclude Include="DatabaseSupport2.h">
      <Filter>Header Files</Filter>
    </ClInclude>
    <ClInclude Include="HelloCard.h">
      <Filter>Header Files</Filter>
    </ClInclude>
    <ClInclude Include="ILineObserver.h">
      <Filter>Header Files</Filter>
    </ClInclude>
    <ClInclude Include="Line.h">
      <Filter>Header Files</Filter>
    </ClInclude>
    <ClInclude Include="LineConnector.h">
      <Filter>Header Files</Filter>
    </ClInclude>
    <ClInclude Include="LineHandler.h">
      <Filter>Header Files</Filter>
    </ClInclude>
    <ClInclude Include="ObservableMixin.h">
      <Filter>Header Files</Filter>
    </ClInclude>
    <ClInclude Include="PhoneLine.h">
      <Filter>Header Files</Filter>
    </ClInclude>
    <ClInclude Include="resource.h">
      <Filter>Header Files</Filter>
    </ClInclude>
    <ClInclude Include="SS7Line.h">
      <Filter>Header Files</Filter>
    </ClInclude>
    <ClInclude Include="StdAfx.h">
      <Filter>Header Files</Filter>
    </ClInclude>
    <ClInclude Include="TerminationParam.h">
      <Filter>Header Files</Filter>
    </ClInclude>
    <ClInclude Include="timer.h">
      <Filter>Header Files</Filter>
    </ClInclude>
    <ClInclude Include="Tone.h">
      <Filter>Header Files</Filter>
    </ClInclude>
    <ClInclude Include="tritel.h">
      <Filter>Header Files</Filter>
    </ClInclude>
    <ClInclude Include="TritelCallConnector.h">
      <Filter>Header Files</Filter>
    </ClInclude>
    <ClInclude Include="tritelivr.h">
      <Filter>Header Files</Filter>
    </ClInclude>
    <ClInclude Include="TritelLineManager.h">
      <Filter>Header Files</Filter>
    </ClInclude>
    <ClInclude Include="VoiceHeader.h">
      <Filter>Header Files</Filter>
    </ClInclude>
  </ItemGroup>
  <ItemGroup>
    <None Include="bitmap2.bmp">
      <Filter>Resource Files</Filter>
    </None>
    <None Include="Phone13.ico">
      <Filter>Resource Files</Filter>
    </None>
    <None Include="PHONEON.ICO">
      <Filter>Resource Files</Filter>
    </None>
  </ItemGroup>
</Project>